
Microsoft Visual Studio Solution File, Format Version 12.00
# Visual Studio Version 17
VisualStudioVersion = 17.5.33424.131
MinimumVisualStudioVersion = 10.0.40219.1
Project("{FAE04EC0-301F-11D3-BF4B-00C04F79EFBC}") = "Polymorpism", "Polymorpism.csproj", "{05AEF976-54DD-4F58-BA4F-C598683C0B55}"
EndProject
Global
	GlobalSection(SolutionConfigurationPlatforms) = preSolution
		Debug|Any CPU = Debug|Any CPU
		Release|Any CPU = Release|Any CPU
	EndGlobalSection
	GlobalSection(ProjectConfigurationPlatforms) = postSolution
		{05AEF976-54DD-4F58-BA4F-C598683C0B55}.Debug|Any CPU.ActiveCfg = Debug|Any CPU
		{05AEF976-54DD-4F58-BA4F-C598683C0B55}.Debug|Any CPU.Build.0 = Debug|Any CPU
		{05AEF976-54DD-4F58-BA4F-C598683C0B55}.Release|Any CPU.ActiveCfg = Release|Any CPU
		{05AEF976-54DD-4F58-BA4F-C598683C0B55}.Release|Any CPU.Build.0 = Release|Any CPU
	EndGlobalSection
	GlobalSection(SolutionProperties) = preSolution
		HideSolutionNode = FALSE
	EndGlobalSection
	GlobalSection(ExtensibilityGlobals) = postSolution
		SolutionGuid = {EC4064D1-E123-4F19-AE99-76F5999CEC94}
	EndGlobalSection
EndGlobal
